
Microsoft Visual Studio Solution File, Format Version 12.00
# Visual Studio Version 16
VisualStudioVersion = 16.0.31829.152
MinimumVisualStudioVersion = 10.0.40219.1
Project("{FAE04EC0-301F-11D3-BF4B-00C04F79EFBC}") = "ASP-Razor-TeamEXPFarmers", "ASP-Razor-TeamEXPFarmers\ASP-Razor-TeamEXPFarmers.csproj", "{8194B4BF-89A2-463F-B3E1-D2FC1F42B828}"
EndProject
Global
	GlobalSection(SolutionConfigurationPlatforms) = preSolution
		Debug|Any CPU = Debug|Any CPU
		Release|Any CPU = Release|Any CPU
	EndGlobalSection
	GlobalSection(ProjectConfigurationPlatforms) = postSolution
		{8194B4BF-89A2-463F-B3E1-D2FC1F42B828}.Debug|Any CPU.ActiveCfg = Debug|Any CPU
		{8194B4BF-89A2-463F-B3E1-D2FC1F42B828}.Debug|Any CPU.Build.0 = Debug|Any CPU
		{8194B4BF-89A2-463F-B3E1-D2FC1F42B828}.Release|Any CPU.ActiveCfg = Release|Any CPU
		{8194B4BF-89A2-463F-B3E1-D2FC1F42B828}.Release|Any CPU.Build.0 = Release|Any CPU
	EndGlobalSection
	GlobalSection(SolutionProperties) = preSolution
		HideSolutionNode = FALSE
	EndGlobalSection
	GlobalSection(ExtensibilityGlobals) = postSolution
		SolutionGuid = {42FF81FC-D166-4678-90B2-70809DB834FC}
	EndGlobalSection
EndGlobal
